
Microsoft Visual Studio Solution File, Format Version 12.00
# Visual Studio Version 16
VisualStudioVersion = 16.0.32126.315
MinimumVisualStudioVersion = 10.0.40219.1
Project("{FAE04EC0-301F-11D3-BF4B-00C04F79EFBC}") = "DemonForWorldZhu", "DemonForWorldZhu\DemonForWorldZhu.csproj", "{AB45EA4B-527F-4AA0-8E67-3EA47BDEEDCA}"
EndProject
Project("{2150E333-8FDC-42A3-9474-1A3956D46DE8}") = "lib", "lib", "{8AEB270A-D605-4009-8F79-352B726D8985}"
EndProject
Project("{FAE04EC0-301F-11D3-BF4B-00C04F79EFBC}") = "LogHelperEx", "LogHelperEx\LogHelperEx.csproj", "{B71E9DEF-DBBD-4606-B10A-CF816B5C3E0B}"
EndProject
Global
	GlobalSection(SolutionConfigurationPlatforms) = preSolution
		Debug|Any CPU = Debug|Any CPU
		Release|Any CPU = Release|Any CPU
	EndGlobalSection
	GlobalSection(ProjectConfigurationPlatforms) = postSolution
		{AB45EA4B-527F-4AA0-8E67-3EA47BDEEDCA}.Debug|Any CPU.ActiveCfg = Debug|Any CPU
		{AB45EA4B-527F-4AA0-8E67-3EA47BDEEDCA}.Debug|Any CPU.Build.0 = Debug|Any CPU
		{AB45EA4B-527F-4AA0-8E67-3EA47BDEEDCA}.Release|Any CPU.ActiveCfg = Release|Any CPU
		{AB45EA4B-527F-4AA0-8E67-3EA47BDEEDCA}.Release|Any CPU.Build.0 = Release|Any CPU
		{B71E9DEF-DBBD-4606-B10A-CF816B5C3E0B}.Debug|Any CPU.ActiveCfg = Debug|Any CPU
		{B71E9DEF-DBBD-4606-B10A-CF816B5C3E0B}.Debug|Any CPU.Build.0 = Debug|Any CPU
		{B71E9DEF-DBBD-4606-B10A-CF816B5C3E0B}.Release|Any CPU.ActiveCfg = Release|Any CPU
		{B71E9DEF-DBBD-4606-B10A-CF816B5C3E0B}.Release|Any CPU.Build.0 = Release|Any CPU
	EndGlobalSection
	GlobalSection(SolutionProperties) = preSolution
		HideSolutionNode = FALSE
	EndGlobalSection
	GlobalSection(NestedProjects) = preSolution
		{B71E9DEF-DBBD-4606-B10A-CF816B5C3E0B} = {8AEB270A-D605-4009-8F79-352B726D8985}
	EndGlobalSection
	GlobalSection(ExtensibilityGlobals) = postSolution
		SolutionGuid = {0AD1934F-193F-4A21-B350-668961BEED9A}
	EndGlobalSection
EndGlobal
